
Microsoft Visual Studio Solution File, Format Version 12.00
# Visual Studio Version 17
VisualStudioVersion = 17.4.33122.133
MinimumVisualStudioVersion = 10.0.40219.1
Project("{FAE04EC0-301F-11D3-BF4B-00C04F79EFBC}") = "WPF_SetupApp", "WPF_SetupApp\WPF_SetupApp.csproj", "{536CB164-76D6-4C1C-B302-F989E80BA9CD}"
EndProject
Global
	GlobalSection(SolutionConfigurationPlatforms) = preSolution
		Debug|Any CPU = Debug|Any CPU
		Release|Any CPU = Release|Any CPU
	EndGlobalSection
	GlobalSection(ProjectConfigurationPlatforms) = postSolution
		{536CB164-76D6-4C1C-B302-F989E80BA9CD}.Debug|Any CPU.ActiveCfg = Debug|Any CPU
		{536CB164-76D6-4C1C-B302-F989E80BA9CD}.Debug|Any CPU.Build.0 = Debug|Any CPU
		{536CB164-76D6-4C1C-B302-F989E80BA9CD}.Release|Any CPU.ActiveCfg = Release|Any CPU
		{536CB164-76D6-4C1C-B302-F989E80BA9CD}.Release|Any CPU.Build.0 = Release|Any CPU
	EndGlobalSection
	GlobalSection(SolutionProperties) = preSolution
		HideSolutionNode = FALSE
	EndGlobalSection
	GlobalSection(ExtensibilityGlobals) = postSolution
		SolutionGuid = {EF78514E-613E-42B8-9754-F37080E3303A}
	EndGlobalSection
EndGlobal
